// !$*UTF8*$!
{
	archiveVersion = 1;
	classes = {
	};
	objectVersion = 46;
	objects = {

/* Begin PBXBuildFile section */
		EFC40D1D1E52897500251645 /* AppDelegate.swift in Sources */ = {isa = PBXBuildFile; fileRef = EFC40D1C1E52897500251645 /* AppDelegate.swift */; };
		EFC40D221E52897500251645 /* Main.storyboard in Resources */ = {isa = PBXBuildFile; fileRef = EFC40D201E52897500251645 /* Main.storyboard */; };
		EFC40D241E52897500251645 /* Assets.xcassets in Resources */ = {isa = PBXBuildFile; fileRef = EFC40D231E52897500251645 /* Assets.xcassets */; };
		EFC40D271E52897500251645 /* LaunchScreen.storyboard in Resources */ = {isa = PBXBuildFile; fileRef = EFC40D251E52897500251645 /* LaunchScreen.storyboard */; };
		EFC40D2F1E528A2E00251645 /* MyTableViewController.swift in Sources */ = {isa = PBXBuildFile; fileRef = EFC40D2E1E528A2E00251645 /* MyTableViewController.swift */; };
		EFC40D311E528B1000251645 /* MyTableViewCell.swift in Sources */ = {isa = PBXBuildFile; fileRef = EFC40D301E528B1000251645 /* MyTableViewCell.swift */; };
/* End PBXBuildFile section */

/* Begin PBXFileReference section */
		EFC40D191E52897500251645 /* TestCustomTableViewCells.app */ = {isa = PBXFileReference; explicitFileType = wrapper.application; includeInIndex = 0; path = TestCustomTableViewCells.app; sourceTree = BUILT_PRODUCTS_DIR; };
		EFC40D1C1E52897500251645 /* AppDelegate.swift */ = {isa = PBXFileReference; lastKnownFileType = sourcecode.swift; path = AppDelegate.swift; sourceTree = "<group>"; };
		EFC40D211E52897500251645 /* Base */ = {isa = PBXFileReference; lastKnownFileType = file.storyboard; name = Base; path = Base.lproj/Main.storyboard; sourceTree = "<group>"; };
		EFC40D231E52897500251645 /* Assets.xcassets */ = {isa = PBXFileReference; lastKnownFileType = folder.assetcatalog; path = Assets.xcassets; sourceTree = "<group>"; };
		EFC40D261E52897500251645 /* Base */ = {isa = PBXFileReference; lastKnownFileType = file.storyboard; name = Base; path = Base.lproj/LaunchScreen.storyboard; sourceTree = "<group>"; };
		EFC40D281E52897500251645 /* Info.plist */ = {isa = PBXFileReference; lastKnownFileType = text.plist.xml; path = Info.plist; sourceTree = "<group>"; };
		EFC40D2E1E528A2E00251645 /* MyTableViewController.swift */ = {isa = PBXFileReference; fileEncoding = 4; lastKnownFileType = sourcecode.swift; path = MyTableViewController.swift; sourceTree = "<group>"; };
		EFC40D301E528B1000251645 /* MyTableViewCell.swift */ = {isa = PBXFileReference; fileEncoding = 4; lastKnownFileType = sourcecode.swift; path = MyTableViewCell.swift; sourceTree = "<group>"; };
/* End PBXFileReference section */

/* Begin PBXFrameworksBuildPhase section */
		EFC40D161E52897500251645 /* Frameworks */ = {
			isa = PBXFrameworksBuildPhase;
			buildActionMask = 2147483647;
			files = (
			);
			runOnlyForDeploymentPostprocessing = 0;
		};
/* End PBXFrameworksBuildPhase section */

/* Begin PBXGroup section */
		EFC40D101E52897500251645 = {
			isa = PBXGroup;
			children = (
				EFC40D1B1E52897500251645 /* TestCustomTableViewCells */,
				EFC40D1A1E52897500251645 /* Products */,
			);
			sourceTree = "<group>";
		};
		EFC40D1A1E52897500251645 /* Products */ = {
			isa = PBXGroup;
			children = (
				EFC40D191E52897500251645 /* TestCustomTableViewCells.app */,
			);
			name = Products;
			sourceTree = "<group>";
		};
		EFC40D1B1E52897500251645 /* TestCustomTableViewCells */ = {
			isa = PBXGroup;
			children = (
				EFC40D1C1E52897500251645 /* AppDelegate.swift */,
				EFC40D2E1E528A2E00251645 /* MyTableViewController.swift */,
				EFC40D301E528B1000251645 /* MyTableViewCell.swift */,
				EFC40D201E52897500251645 /* Main.storyboard */,
				EFC40D231E52897500251645 /* Assets.xcassets */,
				EFC40D251E52897500251645 /* LaunchScreen.storyboard */,
				EFC40D281E52897500251645 /* Info.plist */,
			);
			path = TestCustomTableViewCells;
			sourceTree = "<group>";
		};
/* End PBXGroup section */

/* Begin PBXNativeTarget section */
		EFC40D181E52897500251645 /* TestCustomTableViewCells */ = {
			isa = PBXNativeTarget;
			buildConfigurationList = EFC40D2B1E52897500251645 /* Build configuration list for PBXNativeTarget "TestCustomTableViewCells" */;
			buildPhases = (
				EFC40D151E52897500251645 /* Sources */,
				EFC40D161E52897500251645 /* Frameworks */,
				EFC40D171E52897500251645 /* Resources */,
			);
			buildRules = (
			);
			dependencies = (
			);
			name = TestCustomTableViewCells;
			productName = TestCustomTableViewCells;
			productReference = EFC40D191E52897500251645 /* TestCustomTableViewCells.app */;
			productType = "com.apple.product-type.application";
		};
/* End PBXNativeTarget section */

/* Begin PBXProject section */
		EFC40D111E52897500251645 /* Project object */ = {
			isa = PBXProject;
			attributes = {
				LastSwiftUpdateCheck = 0820;
				LastUpgradeCheck = 0820;
				ORGANIZATIONNAME = cs378;
				TargetAttributes = {
					EFC40D181E52897500251645 = {
						CreatedOnToolsVersion = 8.2.1;
						ProvisioningStyle = Automatic;
					};
				};
			};
			buildConfigurationList = EFC40D141E52897500251645 /* Build configuration list for PBXProject "TestCustomTableViewCells" */;
			compatibilityVersion = "Xcode 3.2";
			developmentRegion = English;
			hasScannedForEncodings = 0;
			knownRegions = (
				en,
				Base,
			);
			mainGroup = EFC40D101E52897500251645;
			productRefGroup = EFC40D1A1E52897500251645 /* Products */;
			projectDirPath = "";
			projectRoot = "";
			targets = (
				EFC40D181E52897500251645 /* TestCustomTableViewCells */,
			);
		};
/* End PBXProject section */

/* Begin PBXResourcesBuildPhase section */
		EFC40D171E52897500251645 /* Resources */ = {
			isa = PBXResourcesBuildPhase;
			buildActionMask = 2147483647;
			files = (
				EFC40D271E52897500251645 /* LaunchScreen.storyboard in Resources */,
				EFC40D241E52897500251645 /* Assets.xcassets in Resources */,
				EFC40D221E52897500251645 /* Main.storyboard in Resources */,
			);
			runOnlyForDeploymentPostprocessing = 0;
		};
/* End PBXResourcesBuildPhase section */

/* Begin PBXSourcesBuildPhase section */
		EFC40D151E52897500251645 /* Sources */ = {
			isa = PBXSourcesBuildPhase;
			buildActionMask = 2147483647;
			files = (
				EFC40D1D1E52897500251645 /* AppDelegate.swift in Sources */,
				EFC40D2F1E528A2E00251645 /* MyTableViewController.swift in Sources */,
				EFC40D311E528B1000251645 /* MyTableViewCell.swift in Sources */,
			);
			runOnlyForDeploymentPostprocessing = 0;
		};
/* End PBXSourcesBuildPhase section */

/* Begin PBXVariantGroup section */
		EFC40D201E52897500251645 /* Main.storyboard */ = {
			isa = PBXVariantGroup;
			children = (
				EFC40D211E52897500251645 /* Base */,
			);
			name = Main.storyboard;
			sourceTree = "<group>";
		};
		EFC40D251E52897500251645 /* LaunchScreen.storyboard */ = {
			isa = PBXVariantGroup;
			children = (
				EFC40D261E52897500251645 /* Base */,
			);
			name = LaunchScreen.storyboard;
			sourceTree = "<group>";
		};
/* End PBXVariantGroup section */

/* Begin XCBuildConfiguration section */
		EFC40D291E52897500251645 /* Debug */ = {
			isa = XCBuildConfiguration;
			buildSettings = {
				ALWAYS_SEARCH_USER_PATHS = NO;
				CLANG_ANALYZER_NONNULL = YES;
				CLANG_CXX_LANGUAGE_STANDARD = "gnu++0x";
				CLANG_CXX_LIBRARY = "libc++";
				CLANG_ENABLE_MODULES = YES;
				CLANG_ENABLE_OBJC_ARC = YES;
				CLANG_WARN_BOOL_CONVERSION = YES;
				CLANG_WARN_CONSTANT_CONVERSION = YES;
				CLANG_WARN_DIRECT_OBJC_ISA_USAGE = YES_ERROR;
				CLANG_WARN_DOCUMENTATION_COMMENTS = YES;
				CLANG_WARN_EMPTY_BODY = YES;
				CLANG_WARN_ENUM_CONVERSION = YES;
				CLANG_WARN_INFINITE_RECURSION = YES;
				CLANG_WARN_INT_CONVERSION = YES;
				CLANG_WARN_OBJC_ROOT_CLASS = YES_ERROR;
				CLANG_WARN_SUSPICIOUS_MOVE = YES;
				CLANG_WARN_UNREACHABLE_CODE = YES;
				CLANG_WARN__DUPLICATE_METHOD_MATCH = YES;
				"CODE_SIGN_IDENTITY[sdk=iphoneos*]" = "iPhone Developer";
				COPY_PHASE_STRIP = NO;
				DEBUG_INFORMATION_FORMAT = dwarf;
				ENABLE_STRICT_OBJC_MSGSEND = YES;
				ENABLE_TESTABILITY = YES;
				GCC_C_LANGUAGE_STANDARD = gnu99;
				GCC_DYNAMIC_NO_PIC = NO;
				GCC_NO_COMMON_BLOCKS = YES;
				GCC_OPTIMIZATION_LEVEL = 0;
				GCC_PREPROCESSOR_DEFINITIONS = (
					"DEBUG=1",
					"$(inherited)",
				);
				GCC_WARN_64_TO_32_BIT_CONVERSION = YES;
				GCC_WARN_ABOUT_RETURN_TYPE = YES_ERROR;
				GCC_WARN_UNDECLARED_SELECTOR = YES;
				GCC_WARN_UNINITIALIZED_AUTOS = YES_AGGRESSIVE;
				GCC_WARN_UNUSED_FUNCTION = YES;
				GCC_WARN_UNUSED_VARIABLE = YES;
				IPHONEOS_DEPLOYMENT_TARGET = 10.2;
				MTL_ENABLE_DEBUG_INFO = YES;
				ONLY_ACTIVE_ARCH = YES;
				SDKROOT = iphoneos;
				SWIFT_ACTIVE_COMPILATION_CONDITIONS = DEBUG;
				SWIFT_OPTIMIZATION_LEVEL = "-Onone";
			};
			name = Debug;
		};
		EFC40D2A1E52897500251645 /* Release */ = {
			isa = XCBuildConfiguration;
			buildSettings = {
				ALWAYS_SEARCH_USER_PATHS = NO;
				CLANG_ANALYZER_NONNULL = YES;
				CLANG_CXX_LANGUAGE_STANDARD = "gnu++0x";
				CLANG_CXX_LIBRARY = "libc++";
				CLANG_ENABLE_MODULES = YES;
				CLANG_ENABLE_OBJC_ARC = YES;
				CLANG_WARN_BOOL_CONVERSION = YES;
				CLANG_WARN_CONSTANT_CONVERSION = YES;
				CLANG_WARN_DIRECT_OBJC_ISA_USAGE = YES_ERROR;
				CLANG_WARN_DOCUMENTATION_COMMENTS = YES;
				CLANG_WARN_EMPTY_BODY = YES;
				CLANG_WARN_ENUM_CONVERSION = YES;
				CLANG_WARN_INFINITE_RECURSION = YES;
				CLANG_WARN_INT_CONVERSION = YES;
				CLANG_WARN_OBJC_ROOT_CLASS = YES_ERROR;
				CLANG_WARN_SUSPICIOUS_MOVE = YES;
				CLANG_WARN_UNREACHABLE_CODE = YES;
				CLANG_WARN__DUPLICATE_METHOD_MATCH = YES;
				"CODE_SIGN_IDENTITY[sdk=iphoneos*]" = "iPhone Developer";
				COPY_PHASE_STRIP = NO;
				DEBUG_INFORMATION_FORMAT = "dwarf-with-dsym";
				ENABLE_NS_ASSERTIONS = NO;
				ENABLE_STRICT_OBJC_MSGSEND = YES;
				GCC_C_LANGUAGE_STANDARD = gnu99;
				GCC_NO_COMMON_BLOCKS = YES;
				GCC_WARN_64_TO_32_BIT_CONVERSION = YES;
				GCC_WARN_ABOUT_RETURN_TYPE = YES_ERROR;
				GCC_WARN_UNDECLARED_SELECTOR = YES;
				GCC_WARN_UNINITIALIZED_AUTOS = YES_AGGRESSIVE;
				GCC_WARN_UNUSED_FUNCTION = YES;
				GCC_WARN_UNUSED_VARIABLE = YES;
				IPHONEOS_DEPLOYMENT_TARGET = 10.2;
				MTL_ENABLE_DEBUG_INFO = NO;
				SDKROOT = iphoneos;
				SWIFT_OPTIMIZATION_LEVEL = "-Owholemodule";
				VALIDATE_PRODUCT = YES;
			};
			name = Release;
		};
		EFC40D2C1E52897500251645 /* Debug */ = {
			isa = XCBuildConfiguration;
			buildSettings = {
				ASSETCATALOG_COMPILER_APPICON_NAME = AppIcon;
				INFOPLIST_FILE = TestCustomTableViewCells/Info.plist;
				LD_RUNPATH_SEARCH_PATHS = "$(inherited) @executable_path/Frameworks";
				PRODUCT_BUNDLE_IDENTIFIER = com.cs378.TestCustomTableViewCells;
				PRODUCT_NAME = "$(TARGET_NAME)";
				SWIFT_VERSION = 3.0;
			};
			name = Debug;
		};
		EFC40D2D1E52897500251645 /* Release */ = {
			isa = XCBuildConfiguration;
			buildSettings = {
				ASSETCATALOG_COMPILER_APPICON_NAME = AppIcon;
				INFOPLIST_FILE = TestCustomTableViewCells/Info.plist;
				LD_RUNPATH_SEARCH_PATHS = "$(inherited) @executable_path/Frameworks";
				PRODUCT_BUNDLE_IDENTIFIER = com.cs378.TestCustomTableViewCells;
				PRODUCT_NAME = "$(TARGET_NAME)";
				SWIFT_VERSION = 3.0;
			};
			name = Release;
		};
/* End XCBuildConfiguration section */

/* Begin XCConfigurationList section */
		EFC40D141E52897500251645 /* Build configuration list for PBXProject "TestCustomTableViewCells" */ = {
			isa = XCConfigurationList;
			buildConfigurations = (
				EFC40D291E52897500251645 /* Debug */,
				EFC40D2A1E52897500251645 /* Release */,
			);
			defaultConfigurationIsVisible = 0;
			defaultConfigurationName = Release;
		};
		EFC40D2B1E52897500251645 /* Build configuration list for PBXNativeTarget "TestCustomTableViewCells" */ = {
			isa = XCConfigurationList;
			buildConfigurations = (
				EFC40D2C1E52897500251645 /* Debug */,
				EFC40D2D1E52897500251645 /* Release */,
			);
			defaultConfigurationIsVisible = 0;
		};
/* End XCConfigurationList section */
	};
	rootObject = EFC40D111E52897500251645 /* Project object */;
}
