// !$*UTF8*$!
{
	archiveVersion = 1;
	classes = {
	};
	objectVersion = 46;
	objects = {

/* Begin PBXBuildFile section */
		EF47BF441E4BF55E00D33A00 /* AppDelegate.swift in Sources */ = {isa = PBXBuildFile; fileRef = EF47BF431E4BF55E00D33A00 /* AppDelegate.swift */; };
		EF47BF461E4BF55E00D33A00 /* ViewController.swift in Sources */ = {isa = PBXBuildFile; fileRef = EF47BF451E4BF55E00D33A00 /* ViewController.swift */; };
		EF47BF491E4BF55E00D33A00 /* Main.storyboard in Resources */ = {isa = PBXBuildFile; fileRef = EF47BF471E4BF55E00D33A00 /* Main.storyboard */; };
		EF47BF4B1E4BF55E00D33A00 /* Assets.xcassets in Resources */ = {isa = PBXBuildFile; fileRef = EF47BF4A1E4BF55E00D33A00 /* Assets.xcassets */; };
		EF47BF4E1E4BF55E00D33A00 /* LaunchScreen.storyboard in Resources */ = {isa = PBXBuildFile; fileRef = EF47BF4C1E4BF55E00D33A00 /* LaunchScreen.storyboard */; };
		EF47BF561E4BF6B700D33A00 /* MyTableViewController.swift in Sources */ = {isa = PBXBuildFile; fileRef = EF47BF551E4BF6B700D33A00 /* MyTableViewController.swift */; };
/* End PBXBuildFile section */

/* Begin PBXFileReference section */
		EF47BF401E4BF55E00D33A00 /* TestTableView.app */ = {isa = PBXFileReference; explicitFileType = wrapper.application; includeInIndex = 0; path = TestTableView.app; sourceTree = BUILT_PRODUCTS_DIR; };
		EF47BF431E4BF55E00D33A00 /* AppDelegate.swift */ = {isa = PBXFileReference; lastKnownFileType = sourcecode.swift; path = AppDelegate.swift; sourceTree = "<group>"; };
		EF47BF451E4BF55E00D33A00 /* ViewController.swift */ = {isa = PBXFileReference; lastKnownFileType = sourcecode.swift; path = ViewController.swift; sourceTree = "<group>"; };
		EF47BF481E4BF55E00D33A00 /* Base */ = {isa = PBXFileReference; lastKnownFileType = file.storyboard; name = Base; path = Base.lproj/Main.storyboard; sourceTree = "<group>"; };
		EF47BF4A1E4BF55E00D33A00 /* Assets.xcassets */ = {isa = PBXFileReference; lastKnownFileType = folder.assetcatalog; path = Assets.xcassets; sourceTree = "<group>"; };
		EF47BF4D1E4BF55E00D33A00 /* Base */ = {isa = PBXFileReference; lastKnownFileType = file.storyboard; name = Base; path = Base.lproj/LaunchScreen.storyboard; sourceTree = "<group>"; };
		EF47BF4F1E4BF55E00D33A00 /* Info.plist */ = {isa = PBXFileReference; lastKnownFileType = text.plist.xml; path = Info.plist; sourceTree = "<group>"; };
		EF47BF551E4BF6B700D33A00 /* MyTableViewController.swift */ = {isa = PBXFileReference; fileEncoding = 4; lastKnownFileType = sourcecode.swift; path = MyTableViewController.swift; sourceTree = "<group>"; };
/* End PBXFileReference section */

/* Begin PBXFrameworksBuildPhase section */
		EF47BF3D1E4BF55E00D33A00 /* Frameworks */ = {
			isa = PBXFrameworksBuildPhase;
			buildActionMask = 2147483647;
			files = (
			);
			runOnlyForDeploymentPostprocessing = 0;
		};
/* End PBXFrameworksBuildPhase section */

/* Begin PBXGroup section */
		EF47BF371E4BF55E00D33A00 = {
			isa = PBXGroup;
			children = (
				EF47BF421E4BF55E00D33A00 /* TestTableView */,
				EF47BF411E4BF55E00D33A00 /* Products */,
			);
			sourceTree = "<group>";
		};
		EF47BF411E4BF55E00D33A00 /* Products */ = {
			isa = PBXGroup;
			children = (
				EF47BF401E4BF55E00D33A00 /* TestTableView.app */,
			);
			name = Products;
			sourceTree = "<group>";
		};
		EF47BF421E4BF55E00D33A00 /* TestTableView */ = {
			isa = PBXGroup;
			children = (
				EF47BF431E4BF55E00D33A00 /* AppDelegate.swift */,
				EF47BF451E4BF55E00D33A00 /* ViewController.swift */,
				EF47BF471E4BF55E00D33A00 /* Main.storyboard */,
				EF47BF4A1E4BF55E00D33A00 /* Assets.xcassets */,
				EF47BF4C1E4BF55E00D33A00 /* LaunchScreen.storyboard */,
				EF47BF4F1E4BF55E00D33A00 /* Info.plist */,
				EF47BF551E4BF6B700D33A00 /* MyTableViewController.swift */,
			);
			path = TestTableView;
			sourceTree = "<group>";
		};
/* End PBXGroup section */

/* Begin PBXNativeTarget section */
		EF47BF3F1E4BF55E00D33A00 /* TestTableView */ = {
			isa = PBXNativeTarget;
			buildConfigurationList = EF47BF521E4BF55E00D33A00 /* Build configuration list for PBXNativeTarget "TestTableView" */;
			buildPhases = (
				EF47BF3C1E4BF55E00D33A00 /* Sources */,
				EF47BF3D1E4BF55E00D33A00 /* Frameworks */,
				EF47BF3E1E4BF55E00D33A00 /* Resources */,
			);
			buildRules = (
			);
			dependencies = (
			);
			name = TestTableView;
			productName = TestTableView;
			productReference = EF47BF401E4BF55E00D33A00 /* TestTableView.app */;
			productType = "com.apple.product-type.application";
		};
/* End PBXNativeTarget section */

/* Begin PBXProject section */
		EF47BF381E4BF55E00D33A00 /* Project object */ = {
			isa = PBXProject;
			attributes = {
				LastSwiftUpdateCheck = 0820;
				LastUpgradeCheck = 0820;
				ORGANIZATIONNAME = cs378;
				TargetAttributes = {
					EF47BF3F1E4BF55E00D33A00 = {
						CreatedOnToolsVersion = 8.2.1;
						ProvisioningStyle = Automatic;
					};
				};
			};
			buildConfigurationList = EF47BF3B1E4BF55E00D33A00 /* Build configuration list for PBXProject "TestTableView" */;
			compatibilityVersion = "Xcode 3.2";
			developmentRegion = English;
			hasScannedForEncodings = 0;
			knownRegions = (
				en,
				Base,
			);
			mainGroup = EF47BF371E4BF55E00D33A00;
			productRefGroup = EF47BF411E4BF55E00D33A00 /* Products */;
			projectDirPath = "";
			projectRoot = "";
			targets = (
				EF47BF3F1E4BF55E00D33A00 /* TestTableView */,
			);
		};
/* End PBXProject section */

/* Begin PBXResourcesBuildPhase section */
		EF47BF3E1E4BF55E00D33A00 /* Resources */ = {
			isa = PBXResourcesBuildPhase;
			buildActionMask = 2147483647;
			files = (
				EF47BF4E1E4BF55E00D33A00 /* LaunchScreen.storyboard in Resources */,
				EF47BF4B1E4BF55E00D33A00 /* Assets.xcassets in Resources */,
				EF47BF491E4BF55E00D33A00 /* Main.storyboard in Resources */,
			);
			runOnlyForDeploymentPostprocessing = 0;
		};
/* End PBXResourcesBuildPhase section */

/* Begin PBXSourcesBuildPhase section */
		EF47BF3C1E4BF55E00D33A00 /* Sources */ = {
			isa = PBXSourcesBuildPhase;
			buildActionMask = 2147483647;
			files = (
				EF47BF461E4BF55E00D33A00 /* ViewController.swift in Sources */,
				EF47BF561E4BF6B700D33A00 /* MyTableViewController.swift in Sources */,
				EF47BF441E4BF55E00D33A00 /* AppDelegate.swift in Sources */,
			);
			runOnlyForDeploymentPostprocessing = 0;
		};
/* End PBXSourcesBuildPhase section */

/* Begin PBXVariantGroup section */
		EF47BF471E4BF55E00D33A00 /* Main.storyboard */ = {
			isa = PBXVariantGroup;
			children = (
				EF47BF481E4BF55E00D33A00 /* Base */,
			);
			name = Main.storyboard;
			sourceTree = "<group>";
		};
		EF47BF4C1E4BF55E00D33A00 /* LaunchScreen.storyboard */ = {
			isa = PBXVariantGroup;
			children = (
				EF47BF4D1E4BF55E00D33A00 /* Base */,
			);
			name = LaunchScreen.storyboard;
			sourceTree = "<group>";
		};
/* End PBXVariantGroup section */

/* Begin XCBuildConfiguration section */
		EF47BF501E4BF55E00D33A00 /* Debug */ = {
			isa = XCBuildConfiguration;
			buildSettings = {
				ALWAYS_SEARCH_USER_PATHS = NO;
				CLANG_ANALYZER_NONNULL = YES;
				CLANG_CXX_LANGUAGE_STANDARD = "gnu++0x";
				CLANG_CXX_LIBRARY = "libc++";
				CLANG_ENABLE_MODULES = YES;
				CLANG_ENABLE_OBJC_ARC = YES;
				CLANG_WARN_BOOL_CONVERSION = YES;
				CLANG_WARN_CONSTANT_CONVERSION = YES;
				CLANG_WARN_DIRECT_OBJC_ISA_USAGE = YES_ERROR;
				CLANG_WARN_DOCUMENTATION_COMMENTS = YES;
				CLANG_WARN_EMPTY_BODY = YES;
				CLANG_WARN_ENUM_CONVERSION = YES;
				CLANG_WARN_INFINITE_RECURSION = YES;
				CLANG_WARN_INT_CONVERSION = YES;
				CLANG_WARN_OBJC_ROOT_CLASS = YES_ERROR;
				CLANG_WARN_SUSPICIOUS_MOVE = YES;
				CLANG_WARN_UNREACHABLE_CODE = YES;
				CLANG_WARN__DUPLICATE_METHOD_MATCH = YES;
				"CODE_SIGN_IDENTITY[sdk=iphoneos*]" = "iPhone Developer";
				COPY_PHASE_STRIP = NO;
				DEBUG_INFORMATION_FORMAT = dwarf;
				ENABLE_STRICT_OBJC_MSGSEND = YES;
				ENABLE_TESTABILITY = YES;
				GCC_C_LANGUAGE_STANDARD = gnu99;
				GCC_DYNAMIC_NO_PIC = NO;
				GCC_NO_COMMON_BLOCKS = YES;
				GCC_OPTIMIZATION_LEVEL = 0;
				GCC_PREPROCESSOR_DEFINITIONS = (
					"DEBUG=1",
					"$(inherited)",
				);
				GCC_WARN_64_TO_32_BIT_CONVERSION = YES;
				GCC_WARN_ABOUT_RETURN_TYPE = YES_ERROR;
				GCC_WARN_UNDECLARED_SELECTOR = YES;
				GCC_WARN_UNINITIALIZED_AUTOS = YES_AGGRESSIVE;
				GCC_WARN_UNUSED_FUNCTION = YES;
				GCC_WARN_UNUSED_VARIABLE = YES;
				IPHONEOS_DEPLOYMENT_TARGET = 10.2;
				MTL_ENABLE_DEBUG_INFO = YES;
				ONLY_ACTIVE_ARCH = YES;
				SDKROOT = iphoneos;
				SWIFT_ACTIVE_COMPILATION_CONDITIONS = DEBUG;
				SWIFT_OPTIMIZATION_LEVEL = "-Onone";
			};
			name = Debug;
		};
		EF47BF511E4BF55E00D33A00 /* Release */ = {
			isa = XCBuildConfiguration;
			buildSettings = {
				ALWAYS_SEARCH_USER_PATHS = NO;
				CLANG_ANALYZER_NONNULL = YES;
				CLANG_CXX_LANGUAGE_STANDARD = "gnu++0x";
				CLANG_CXX_LIBRARY = "libc++";
				CLANG_ENABLE_MODULES = YES;
				CLANG_ENABLE_OBJC_ARC = YES;
				CLANG_WARN_BOOL_CONVERSION = YES;
				CLANG_WARN_CONSTANT_CONVERSION = YES;
				CLANG_WARN_DIRECT_OBJC_ISA_USAGE = YES_ERROR;
				CLANG_WARN_DOCUMENTATION_COMMENTS = YES;
				CLANG_WARN_EMPTY_BODY = YES;
				CLANG_WARN_ENUM_CONVERSION = YES;
				CLANG_WARN_INFINITE_RECURSION = YES;
				CLANG_WARN_INT_CONVERSION = YES;
				CLANG_WARN_OBJC_ROOT_CLASS = YES_ERROR;
				CLANG_WARN_SUSPICIOUS_MOVE = YES;
				CLANG_WARN_UNREACHABLE_CODE = YES;
				CLANG_WARN__DUPLICATE_METHOD_MATCH = YES;
				"CODE_SIGN_IDENTITY[sdk=iphoneos*]" = "iPhone Developer";
				COPY_PHASE_STRIP = NO;
				DEBUG_INFORMATION_FORMAT = "dwarf-with-dsym";
				ENABLE_NS_ASSERTIONS = NO;
				ENABLE_STRICT_OBJC_MSGSEND = YES;
				GCC_C_LANGUAGE_STANDARD = gnu99;
				GCC_NO_COMMON_BLOCKS = YES;
				GCC_WARN_64_TO_32_BIT_CONVERSION = YES;
				GCC_WARN_ABOUT_RETURN_TYPE = YES_ERROR;
				GCC_WARN_UNDECLARED_SELECTOR = YES;
				GCC_WARN_UNINITIALIZED_AUTOS = YES_AGGRESSIVE;
				GCC_WARN_UNUSED_FUNCTION = YES;
				GCC_WARN_UNUSED_VARIABLE = YES;
				IPHONEOS_DEPLOYMENT_TARGET = 10.2;
				MTL_ENABLE_DEBUG_INFO = NO;
				SDKROOT = iphoneos;
				SWIFT_OPTIMIZATION_LEVEL = "-Owholemodule";
				VALIDATE_PRODUCT = YES;
			};
			name = Release;
		};
		EF47BF531E4BF55E00D33A00 /* Debug */ = {
			isa = XCBuildConfiguration;
			buildSettings = {
				ASSETCATALOG_COMPILER_APPICON_NAME = AppIcon;
				INFOPLIST_FILE = TestTableView/Info.plist;
				LD_RUNPATH_SEARCH_PATHS = "$(inherited) @executable_path/Frameworks";
				PRODUCT_BUNDLE_IDENTIFIER = com.cs378.TestTableView;
				PRODUCT_NAME = "$(TARGET_NAME)";
				SWIFT_VERSION = 3.0;
			};
			name = Debug;
		};
		EF47BF541E4BF55E00D33A00 /* Release */ = {
			isa = XCBuildConfiguration;
			buildSettings = {
				ASSETCATALOG_COMPILER_APPICON_NAME = AppIcon;
				INFOPLIST_FILE = TestTableView/Info.plist;
				LD_RUNPATH_SEARCH_PATHS = "$(inherited) @executable_path/Frameworks";
				PRODUCT_BUNDLE_IDENTIFIER = com.cs378.TestTableView;
				PRODUCT_NAME = "$(TARGET_NAME)";
				SWIFT_VERSION = 3.0;
			};
			name = Release;
		};
/* End XCBuildConfiguration section */

/* Begin XCConfigurationList section */
		EF47BF3B1E4BF55E00D33A00 /* Build configuration list for PBXProject "TestTableView" */ = {
			isa = XCConfigurationList;
			buildConfigurations = (
				EF47BF501E4BF55E00D33A00 /* Debug */,
				EF47BF511E4BF55E00D33A00 /* Release */,
			);
			defaultConfigurationIsVisible = 0;
			defaultConfigurationName = Release;
		};
		EF47BF521E4BF55E00D33A00 /* Build configuration list for PBXNativeTarget "TestTableView" */ = {
			isa = XCConfigurationList;
			buildConfigurations = (
				EF47BF531E4BF55E00D33A00 /* Debug */,
				EF47BF541E4BF55E00D33A00 /* Release */,
			);
			defaultConfigurationIsVisible = 0;
			defaultConfigurationName = Release;
		};
/* End XCConfigurationList section */
	};
	rootObject = EF47BF381E4BF55E00D33A00 /* Project object */;
}
